
Microsoft Visual Studio Solution File, Format Version 12.00
# Visual Studio 14
VisualStudioVersion = 14.0.25123.0
MinimumVisualStudioVersion = 10.0.40219.1
Project("{E24C65DC-7377-472B-9ABA-BC803B73C61A}") = "智運議員建議", ".", "{FE4C5F7F-7CD8-4A74-9233-375E0A2861BA}"
	ProjectSection(WebsiteProperties) = preProject
		TargetFrameworkMoniker = ".NETFramework,Version%3Dv4.0"
		Debug.AspNetCompiler.VirtualPath = "/localhost_3705"
		Debug.AspNetCompiler.PhysicalPath = "..\智運議員建議\"
		Debug.AspNetCompiler.TargetPath = "PrecompiledWeb\localhost_3705\"
		Debug.AspNetCompiler.Updateable = "true"
		Debug.AspNetCompiler.ForceOverwrite = "true"
		Debug.AspNetCompiler.FixedNames = "false"
		Debug.AspNetCompiler.Debug = "True"
		Release.AspNetCompiler.VirtualPath = "/localhost_3705"
		Release.AspNetCompiler.PhysicalPath = "..\智運議員建議\"
		Release.AspNetCompiler.TargetPath = "PrecompiledWeb\localhost_3705\"
		Release.AspNetCompiler.Updateable = "true"
		Release.AspNetCompiler.ForceOverwrite = "true"
		Release.AspNetCompiler.FixedNames = "false"
		Release.AspNetCompiler.Debug = "False"
		VWDPort = "3705"
		SlnRelativePath = "..\智運議員建議\"
	EndProjectSection
EndProject
Global
	GlobalSection(SolutionConfigurationPlatforms) = preSolution
		Debug|Any CPU = Debug|Any CPU
	EndGlobalSection
	GlobalSection(ProjectConfigurationPlatforms) = postSolution
		{FE4C5F7F-7CD8-4A74-9233-375E0A2861BA}.Debug|Any CPU.ActiveCfg = Debug|Any CPU
		{FE4C5F7F-7CD8-4A74-9233-375E0A2861BA}.Debug|Any CPU.Build.0 = Debug|Any CPU
	EndGlobalSection
	GlobalSection(SolutionProperties) = preSolution
		HideSolutionNode = FALSE
	EndGlobalSection
EndGlobal
